
Microsoft Visual Studio Solution File, Format Version 12.00
# Visual Studio 2013
VisualStudioVersion = 12.0.30110.0
MinimumVisualStudioVersion = 10.0.40219.1
Project("{8BB2217D-0F2D-49D1-97BC-3654ED321F3B}") = "Octostache", "Octostache\Octostache.xproj", "{84654EEE-89BE-4507-A253-98F674417CF9}"
EndProject
Project("{8BB2217D-0F2D-49D1-97BC-3654ED321F3B}") = "Octostache.Tests", "Octostache.Tests\Octostache.Tests.xproj", "{31E68EAE-742C-4FA5-9C63-FE50F7D269D3}"
EndProject
Global
	GlobalSection(SolutionConfigurationPlatforms) = preSolution
		Debug|Any CPU = Debug|Any CPU
		Release|Any CPU = Release|Any CPU
	EndGlobalSection
	GlobalSection(ProjectConfigurationPlatforms) = postSolution
		{84654EEE-89BE-4507-A253-98F674417CF9}.Debug|Any CPU.ActiveCfg = Debug|Any CPU
		{84654EEE-89BE-4507-A253-98F674417CF9}.Debug|Any CPU.Build.0 = Debug|Any CPU
		{84654EEE-89BE-4507-A253-98F674417CF9}.Release|Any CPU.ActiveCfg = Release|Any CPU
		{84654EEE-89BE-4507-A253-98F674417CF9}.Release|Any CPU.Build.0 = Release|Any CPU
		{31E68EAE-742C-4FA5-9C63-FE50F7D269D3}.Debug|Any CPU.ActiveCfg = Debug|Any CPU
		{31E68EAE-742C-4FA5-9C63-FE50F7D269D3}.Debug|Any CPU.Build.0 = Debug|Any CPU
		{31E68EAE-742C-4FA5-9C63-FE50F7D269D3}.Release|Any CPU.ActiveCfg = Release|Any CPU
		{31E68EAE-742C-4FA5-9C63-FE50F7D269D3}.Release|Any CPU.Build.0 = Release|Any CPU
	EndGlobalSection
	GlobalSection(SolutionProperties) = preSolution
		HideSolutionNode = FALSE
	EndGlobalSection
EndGlobal
