Microsoft Visual Studio Solution File, Format Version 12.00
# Visual Studio 15
VisualStudioVersion = 15.0.26228.4
MinimumVisualStudioVersion = 10.0.40219.1
Project("{9A19103F-16F7-4668-BE54-9A1E7A4F7556}") = "Octostache", "Octostache\Octostache.csproj", "{84654EEE-89BE-4507-A253-98F674417CF9}"
EndProject
Project("{9A19103F-16F7-4668-BE54-9A1E7A4F7556}") = "Octostache.Tests", "Octostache.Tests\Octostache.Tests.csproj", "{31E68EAE-742C-4FA5-9C63-FE50F7D269D3}"
EndProject
Project("{2150E333-8FDC-42A3-9474-1A3956D46DE8}") = "SolutionItems", "SolutionItems", "{8BE71604-F713-42B2-B067-E9E2FA42E261}"
	ProjectSection(SolutionItems) = preProject
		..\global.json = ..\global.json
	EndProjectSection
EndProject
Global
	GlobalSection(SolutionConfigurationPlatforms) = preSolution
		Debug|Any CPU = Debug|Any CPU
		Release|Any CPU = Release|Any CPU
	EndGlobalSection
	GlobalSection(ProjectConfigurationPlatforms) = postSolution
		{84654EEE-89BE-4507-A253-98F674417CF9}.Debug|Any CPU.ActiveCfg = Debug|Any CPU
		{84654EEE-89BE-4507-A253-98F674417CF9}.Debug|Any CPU.Build.0 = Debug|Any CPU
		{84654EEE-89BE-4507-A253-98F674417CF9}.Release|Any CPU.ActiveCfg = Release|Any CPU
		{84654EEE-89BE-4507-A253-98F674417CF9}.Release|Any CPU.Build.0 = Release|Any CPU
		{31E68EAE-742C-4FA5-9C63-FE50F7D269D3}.Debug|Any CPU.ActiveCfg = Debug|Any CPU
		{31E68EAE-742C-4FA5-9C63-FE50F7D269D3}.Debug|Any CPU.Build.0 = Debug|Any CPU
		{31E68EAE-742C-4FA5-9C63-FE50F7D269D3}.Release|Any CPU.ActiveCfg = Release|Any CPU
		{31E68EAE-742C-4FA5-9C63-FE50F7D269D3}.Release|Any CPU.Build.0 = Release|Any CPU
	EndGlobalSection
	GlobalSection(SolutionProperties) = preSolution
		HideSolutionNode = FALSE
	EndGlobalSection
EndGlobal
